
Microsoft Visual Studio Solution File, Format Version 12.00
# Visual Studio Version 17
VisualStudioVersion = 17.10.35013.160
MinimumVisualStudioVersion = 10.0.40219.1
Project("{FAE04EC0-301F-11D3-BF4B-00C04F79EFBC}") = "Object", "Object\Object.csproj", "{BAE20197-181B-4DF9-94FA-DE0C54B7731E}"
EndProject
Global
	GlobalSection(SolutionConfigurationPlatforms) = preSolution
		Debug|Any CPU = Debug|Any CPU
		Release|Any CPU = Release|Any CPU
	EndGlobalSection
	GlobalSection(ProjectConfigurationPlatforms) = postSolution
		{BAE20197-181B-4DF9-94FA-DE0C54B7731E}.Debug|Any CPU.ActiveCfg = Debug|Any CPU
		{BAE20197-181B-4DF9-94FA-DE0C54B7731E}.Debug|Any CPU.Build.0 = Debug|Any CPU
		{BAE20197-181B-4DF9-94FA-DE0C54B7731E}.Release|Any CPU.ActiveCfg = Release|Any CPU
		{BAE20197-181B-4DF9-94FA-DE0C54B7731E}.Release|Any CPU.Build.0 = Release|Any CPU
	EndGlobalSection
	GlobalSection(SolutionProperties) = preSolution
		HideSolutionNode = FALSE
	EndGlobalSection
	GlobalSection(ExtensibilityGlobals) = postSolution
		SolutionGuid = {4F75C1CE-4F29-4FED-A9C4-049E50B8E64B}
	EndGlobalSection
EndGlobal
